// !$*UTF8*$!
{
	archiveVersion = 1;
	classes = {
	};
	objectVersion = 50;
	objects = {

/* Begin PBXBuildFile section */
		050B18BD24ED090200432E75 /* AppDelegate.swift in Sources */ = {isa = PBXBuildFile; fileRef = 050B18BC24ED090200432E75 /* AppDelegate.swift */; };
		050B18BF24ED090200432E75 /* SceneDelegate.swift in Sources */ = {isa = PBXBuildFile; fileRef = 050B18BE24ED090200432E75 /* SceneDelegate.swift */; };
		050B18C124ED090200432E75 /* ViewController.swift in Sources */ = {isa = PBXBuildFile; fileRef = 050B18C024ED090200432E75 /* ViewController.swift */; };
		050B18C424ED090200432E75 /* Main.storyboard in Resources */ = {isa = PBXBuildFile; fileRef = 050B18C224ED090200432E75 /* Main.storyboard */; };
		050B18C724ED090200432E75 /* samdocapp.xcdatamodeld in Sources */ = {isa = PBXBuildFile; fileRef = 050B18C524ED090200432E75 /* samdocapp.xcdatamodeld */; };
		050B18C924ED090300432E75 /* Assets.xcassets in Resources */ = {isa = PBXBuildFile; fileRef = 050B18C824ED090300432E75 /* Assets.xcassets */; };
		050B18CC24ED090300432E75 /* LaunchScreen.storyboard in Resources */ = {isa = PBXBuildFile; fileRef = 050B18CA24ED090300432E75 /* LaunchScreen.storyboard */; };
		057FC5F724EEA9AB00592DD2 /* TableViewController.swift in Sources */ = {isa = PBXBuildFile; fileRef = 057FC5F624EEA9AB00592DD2 /* TableViewController.swift */; };
		05BEDD2824F31D7B0017D38B /* sceneViewController.swift in Sources */ = {isa = PBXBuildFile; fileRef = 05BEDD2724F31D7B0017D38B /* sceneViewController.swift */; };
		05BEDD2A24F31E900017D38B /* Utilities.swift in Sources */ = {isa = PBXBuildFile; fileRef = 05BEDD2924F31E900017D38B /* Utilities.swift */; };
		05BEDD2C24F31EAD0017D38B /* ARFaceGeometry.obj in Resources */ = {isa = PBXBuildFile; fileRef = 05BEDD2B24F31EAD0017D38B /* ARFaceGeometry.obj */; };
		05BEDD2E24F31F2D0017D38B /* Models.scnassets in Resources */ = {isa = PBXBuildFile; fileRef = 05BEDD2D24F31F2D0017D38B /* Models.scnassets */; };
		05BEDD3624F31F610017D38B /* TransformVisualization.swift in Sources */ = {isa = PBXBuildFile; fileRef = 05BEDD3024F31F610017D38B /* TransformVisualization.swift */; };
		05BEDD3724F31F610017D38B /* FaceOcclusionOverlay.swift in Sources */ = {isa = PBXBuildFile; fileRef = 05BEDD3124F31F610017D38B /* FaceOcclusionOverlay.swift */; };
		05BEDD3824F31F610017D38B /* VideoTexturedFace.swift in Sources */ = {isa = PBXBuildFile; fileRef = 05BEDD3224F31F610017D38B /* VideoTexturedFace.swift */; };
		05BEDD3924F31F610017D38B /* VirtualContent.swift in Sources */ = {isa = PBXBuildFile; fileRef = 05BEDD3324F31F610017D38B /* VirtualContent.swift */; };
		05BEDD3A24F31F610017D38B /* TexturedFace.swift in Sources */ = {isa = PBXBuildFile; fileRef = 05BEDD3424F31F610017D38B /* TexturedFace.swift */; };
		05BEDD3B24F31F610017D38B /* BlendShapeCharacter.swift in Sources */ = {isa = PBXBuildFile; fileRef = 05BEDD3524F31F610017D38B /* BlendShapeCharacter.swift */; };
		05BEDD3D24F3245F0017D38B /* TableViewController.swift in Sources */ = {isa = PBXBuildFile; fileRef = 05BEDD3C24F3245F0017D38B /* TableViewController.swift */; };
/* End PBXBuildFile section */

/* Begin PBXFileReference section */
		050B18B924ED090200432E75 /* samdocapp.app */ = {isa = PBXFileReference; explicitFileType = wrapper.application; includeInIndex = 0; path = samdocapp.app; sourceTree = BUILT_PRODUCTS_DIR; };
		050B18BC24ED090200432E75 /* AppDelegate.swift */ = {isa = PBXFileReference; lastKnownFileType = sourcecode.swift; path = AppDelegate.swift; sourceTree = "<group>"; };
		050B18BE24ED090200432E75 /* SceneDelegate.swift */ = {isa = PBXFileReference; lastKnownFileType = sourcecode.swift; path = SceneDelegate.swift; sourceTree = "<group>"; };
		050B18C024ED090200432E75 /* ViewController.swift */ = {isa = PBXFileReference; lastKnownFileType = sourcecode.swift; path = ViewController.swift; sourceTree = "<group>"; };
		050B18C324ED090200432E75 /* Base */ = {isa = PBXFileReference; lastKnownFileType = file.storyboard; name = Base; path = Base.lproj/Main.storyboard; sourceTree = "<group>"; };
		050B18C624ED090200432E75 /* samdocapp.xcdatamodel */ = {isa = PBXFileReference; lastKnownFileType = wrapper.xcdatamodel; path = samdocapp.xcdatamodel; sourceTree = "<group>"; };
		050B18C824ED090300432E75 /* Assets.xcassets */ = {isa = PBXFileReference; lastKnownFileType = folder.assetcatalog; path = Assets.xcassets; sourceTree = "<group>"; };
		050B18CB24ED090300432E75 /* Base */ = {isa = PBXFileReference; lastKnownFileType = file.storyboard; name = Base; path = Base.lproj/LaunchScreen.storyboard; sourceTree = "<group>"; };
		050B18CD24ED090400432E75 /* Info.plist */ = {isa = PBXFileReference; lastKnownFileType = text.plist.xml; path = Info.plist; sourceTree = "<group>"; };
		057FC5F624EEA9AB00592DD2 /* TableViewController.swift */ = {isa = PBXFileReference; lastKnownFileType = sourcecode.swift; path = TableViewController.swift; sourceTree = "<group>"; };
		05BEDD2724F31D7B0017D38B /* sceneViewController.swift */ = {isa = PBXFileReference; lastKnownFileType = sourcecode.swift; path = sceneViewController.swift; sourceTree = "<group>"; };
		05BEDD2924F31E900017D38B /* Utilities.swift */ = {isa = PBXFileReference; fileEncoding = 4; lastKnownFileType = sourcecode.swift; path = Utilities.swift; sourceTree = "<group>"; };
		05BEDD2B24F31EAD0017D38B /* ARFaceGeometry.obj */ = {isa = PBXFileReference; fileEncoding = 4; lastKnownFileType = text; path = ARFaceGeometry.obj; sourceTree = "<group>"; };
		05BEDD2D24F31F2D0017D38B /* Models.scnassets */ = {isa = PBXFileReference; lastKnownFileType = wrapper.scnassets; path = Models.scnassets; sourceTree = "<group>"; };
		05BEDD3024F31F610017D38B /* TransformVisualization.swift */ = {isa = PBXFileReference; fileEncoding = 4; lastKnownFileType = sourcecode.swift; path = TransformVisualization.swift; sourceTree = "<group>"; };
		05BEDD3124F31F610017D38B /* FaceOcclusionOverlay.swift */ = {isa = PBXFileReference; fileEncoding = 4; lastKnownFileType = sourcecode.swift; path = FaceOcclusionOverlay.swift; sourceTree = "<group>"; };
		05BEDD3224F31F610017D38B /* VideoTexturedFace.swift */ = {isa = PBXFileReference; fileEncoding = 4; lastKnownFileType = sourcecode.swift; path = VideoTexturedFace.swift; sourceTree = "<group>"; };
		05BEDD3324F31F610017D38B /* VirtualContent.swift */ = {isa = PBXFileReference; fileEncoding = 4; lastKnownFileType = sourcecode.swift; path = VirtualContent.swift; sourceTree = "<group>"; };
		05BEDD3424F31F610017D38B /* TexturedFace.swift */ = {isa = PBXFileReference; fileEncoding = 4; lastKnownFileType = sourcecode.swift; path = TexturedFace.swift; sourceTree = "<group>"; };
		05BEDD3524F31F610017D38B /* BlendShapeCharacter.swift */ = {isa = PBXFileReference; fileEncoding = 4; lastKnownFileType = sourcecode.swift; path = BlendShapeCharacter.swift; sourceTree = "<group>"; };
		05BEDD3C24F3245F0017D38B /* TableViewController.swift */ = {isa = PBXFileReference; lastKnownFileType = sourcecode.swift; path = TableViewController.swift; sourceTree = "<group>"; };
/* End PBXFileReference section */

/* Begin PBXFrameworksBuildPhase section */
		050B18B624ED090200432E75 /* Frameworks */ = {
			isa = PBXFrameworksBuildPhase;
			buildActionMask = 2147483647;
			files = (
			);
			runOnlyForDeploymentPostprocessing = 0;
		};
/* End PBXFrameworksBuildPhase section */

/* Begin PBXGroup section */
		050B18B024ED090200432E75 = {
			isa = PBXGroup;
			children = (
				050B18BB24ED090200432E75 /* samdocapp */,
				050B18BA24ED090200432E75 /* Products */,
			);
			sourceTree = "<group>";
		};
		050B18BA24ED090200432E75 /* Products */ = {
			isa = PBXGroup;
			children = (
				050B18B924ED090200432E75 /* samdocapp.app */,
			);
			name = Products;
			sourceTree = "<group>";
		};
		050B18BB24ED090200432E75 /* samdocapp */ = {
			isa = PBXGroup;
			children = (
				05D271CB24F0002D00DCA5D7 /* view */,
				052AD2B624EEB90D002249B5 /* model */,
				052AD2B524EEB8BF002249B5 /* controlller */,
				050B18BC24ED090200432E75 /* AppDelegate.swift */,
				050B18BE24ED090200432E75 /* SceneDelegate.swift */,
				050B18C824ED090300432E75 /* Assets.xcassets */,
				05BEDD2D24F31F2D0017D38B /* Models.scnassets */,
				050B18CA24ED090300432E75 /* LaunchScreen.storyboard */,
				050B18CD24ED090400432E75 /* Info.plist */,
				057FC5F624EEA9AB00592DD2 /* TableViewController.swift */,
			);
			path = samdocapp;
			sourceTree = "<group>";
		};
		052AD2B524EEB8BF002249B5 /* controlller */ = {
			isa = PBXGroup;
			children = (
				05BEDD2924F31E900017D38B /* Utilities.swift */,
				050B18C024ED090200432E75 /* ViewController.swift */,
				05BEDD2724F31D7B0017D38B /* sceneViewController.swift */,
				05BEDD3C24F3245F0017D38B /* TableViewController.swift */,
			);
			path = controlller;
			sourceTree = "<group>";
		};
		052AD2B624EEB90D002249B5 /* model */ = {
			isa = PBXGroup;
			children = (
				050B18C524ED090200432E75 /* samdocapp.xcdatamodeld */,
			);
			path = model;
			sourceTree = "<group>";
		};
		05BEDD2F24F31F610017D38B /* Face Overlay Content */ = {
			isa = PBXGroup;
			children = (
				05BEDD3024F31F610017D38B /* TransformVisualization.swift */,
				05BEDD3124F31F610017D38B /* FaceOcclusionOverlay.swift */,
				05BEDD3224F31F610017D38B /* VideoTexturedFace.swift */,
				05BEDD3324F31F610017D38B /* VirtualContent.swift */,
				05BEDD3424F31F610017D38B /* TexturedFace.swift */,
				05BEDD3524F31F610017D38B /* BlendShapeCharacter.swift */,
			);
			path = "Face Overlay Content";
			sourceTree = "<group>";
		};
		05D271CB24F0002D00DCA5D7 /* view */ = {
			isa = PBXGroup;
			children = (
				050B18C224ED090200432E75 /* Main.storyboard */,
				05BEDD2B24F31EAD0017D38B /* ARFaceGeometry.obj */,
				05BEDD2F24F31F610017D38B /* Face Overlay Content */,
			);
			path = view;
			sourceTree = "<group>";
		};
/* End PBXGroup section */

/* Begin PBXNativeTarget section */
		050B18B824ED090200432E75 /* samdocapp */ = {
			isa = PBXNativeTarget;
			buildConfigurationList = 050B18D024ED090400432E75 /* Build configuration list for PBXNativeTarget "samdocapp" */;
			buildPhases = (
				050B18B524ED090200432E75 /* Sources */,
				050B18B624ED090200432E75 /* Frameworks */,
				050B18B724ED090200432E75 /* Resources */,
			);
			buildRules = (
			);
			dependencies = (
			);
			name = samdocapp;
			productName = samdocapp;
			productReference = 050B18B924ED090200432E75 /* samdocapp.app */;
			productType = "com.apple.product-type.application";
		};
/* End PBXNativeTarget section */

/* Begin PBXProject section */
		050B18B124ED090200432E75 /* Project object */ = {
			isa = PBXProject;
			attributes = {
				LastSwiftUpdateCheck = 1160;
				LastUpgradeCheck = 1160;
				ORGANIZATIONNAME = "Pimont Baptiste";
				TargetAttributes = {
					050B18B824ED090200432E75 = {
						CreatedOnToolsVersion = 11.6;
					};
				};
			};
			buildConfigurationList = 050B18B424ED090200432E75 /* Build configuration list for PBXProject "samdocapp" */;
			compatibilityVersion = "Xcode 9.3";
			developmentRegion = en;
			hasScannedForEncodings = 0;
			knownRegions = (
				en,
				Base,
			);
			mainGroup = 050B18B024ED090200432E75;
			productRefGroup = 050B18BA24ED090200432E75 /* Products */;
			projectDirPath = "";
			projectRoot = "";
			targets = (
				050B18B824ED090200432E75 /* samdocapp */,
			);
		};
/* End PBXProject section */

/* Begin PBXResourcesBuildPhase section */
		050B18B724ED090200432E75 /* Resources */ = {
			isa = PBXResourcesBuildPhase;
			buildActionMask = 2147483647;
			files = (
				050B18CC24ED090300432E75 /* LaunchScreen.storyboard in Resources */,
				05BEDD2C24F31EAD0017D38B /* ARFaceGeometry.obj in Resources */,
				050B18C924ED090300432E75 /* Assets.xcassets in Resources */,
				05BEDD2E24F31F2D0017D38B /* Models.scnassets in Resources */,
				050B18C424ED090200432E75 /* Main.storyboard in Resources */,
			);
			runOnlyForDeploymentPostprocessing = 0;
		};
/* End PBXResourcesBuildPhase section */

/* Begin PBXSourcesBuildPhase section */
		050B18B524ED090200432E75 /* Sources */ = {
			isa = PBXSourcesBuildPhase;
			buildActionMask = 2147483647;
			files = (
				05BEDD3924F31F610017D38B /* VirtualContent.swift in Sources */,
				05BEDD3D24F3245F0017D38B /* TableViewController.swift in Sources */,
				050B18C124ED090200432E75 /* ViewController.swift in Sources */,
				05BEDD3724F31F610017D38B /* FaceOcclusionOverlay.swift in Sources */,
				05BEDD2824F31D7B0017D38B /* sceneViewController.swift in Sources */,
				05BEDD2A24F31E900017D38B /* Utilities.swift in Sources */,
				05BEDD3A24F31F610017D38B /* TexturedFace.swift in Sources */,
				050B18BD24ED090200432E75 /* AppDelegate.swift in Sources */,
				05BEDD3824F31F610017D38B /* VideoTexturedFace.swift in Sources */,
				050B18C724ED090200432E75 /* samdocapp.xcdatamodeld in Sources */,
				05BEDD3624F31F610017D38B /* TransformVisualization.swift in Sources */,
				05BEDD3B24F31F610017D38B /* BlendShapeCharacter.swift in Sources */,
				057FC5F724EEA9AB00592DD2 /* TableViewController.swift in Sources */,
				050B18BF24ED090200432E75 /* SceneDelegate.swift in Sources */,
			);
			runOnlyForDeploymentPostprocessing = 0;
		};
/* End PBXSourcesBuildPhase section */

/* Begin PBXVariantGroup section */
		050B18C224ED090200432E75 /* Main.storyboard */ = {
			isa = PBXVariantGroup;
			children = (
				050B18C324ED090200432E75 /* Base */,
			);
			name = Main.storyboard;
			sourceTree = "<group>";
		};
		050B18CA24ED090300432E75 /* LaunchScreen.storyboard */ = {
			isa = PBXVariantGroup;
			children = (
				050B18CB24ED090300432E75 /* Base */,
			);
			name = LaunchScreen.storyboard;
			sourceTree = "<group>";
		};
/* End PBXVariantGroup section */

/* Begin XCBuildConfiguration section */
		050B18CE24ED090400432E75 /* Debug */ = {
			isa = XCBuildConfiguration;
			buildSettings = {
				ALWAYS_SEARCH_USER_PATHS = NO;
				CLANG_ANALYZER_NONNULL = YES;
				CLANG_ANALYZER_NUMBER_OBJECT_CONVERSION = YES_AGGRESSIVE;
				CLANG_CXX_LANGUAGE_STANDARD = "gnu++14";
				CLANG_CXX_LIBRARY = "libc++";
				CLANG_ENABLE_MODULES = YES;
				CLANG_ENABLE_OBJC_ARC = YES;
				CLANG_ENABLE_OBJC_WEAK = YES;
				CLANG_WARN_BLOCK_CAPTURE_AUTORELEASING = YES;
				CLANG_WARN_BOOL_CONVERSION = YES;
				CLANG_WARN_COMMA = YES;
				CLANG_WARN_CONSTANT_CONVERSION = YES;
				CLANG_WARN_DEPRECATED_OBJC_IMPLEMENTATIONS = YES;
				CLANG_WARN_DIRECT_OBJC_ISA_USAGE = YES_ERROR;
				CLANG_WARN_DOCUMENTATION_COMMENTS = YES;
				CLANG_WARN_EMPTY_BODY = YES;
				CLANG_WARN_ENUM_CONVERSION = YES;
				CLANG_WARN_INFINITE_RECURSION = YES;
				CLANG_WARN_INT_CONVERSION = YES;
				CLANG_WARN_NON_LITERAL_NULL_CONVERSION = YES;
				CLANG_WARN_OBJC_IMPLICIT_RETAIN_SELF = YES;
				CLANG_WARN_OBJC_LITERAL_CONVERSION = YES;
				CLANG_WARN_OBJC_ROOT_CLASS = YES_ERROR;
				CLANG_WARN_RANGE_LOOP_ANALYSIS = YES;
				CLANG_WARN_STRICT_PROTOTYPES = YES;
				CLANG_WARN_SUSPICIOUS_MOVE = YES;
				CLANG_WARN_UNGUARDED_AVAILABILITY = YES_AGGRESSIVE;
				CLANG_WARN_UNREACHABLE_CODE = YES;
				CLANG_WARN__DUPLICATE_METHOD_MATCH = YES;
				COPY_PHASE_STRIP = NO;
				DEBUG_INFORMATION_FORMAT = dwarf;
				ENABLE_STRICT_OBJC_MSGSEND = YES;
				ENABLE_TESTABILITY = YES;
				GCC_C_LANGUAGE_STANDARD = gnu11;
				GCC_DYNAMIC_NO_PIC = NO;
				GCC_NO_COMMON_BLOCKS = YES;
				GCC_OPTIMIZATION_LEVEL = 0;
				GCC_PREPROCESSOR_DEFINITIONS = (
					"DEBUG=1",
					"$(inherited)",
				);
				GCC_WARN_64_TO_32_BIT_CONVERSION = YES;
				GCC_WARN_ABOUT_RETURN_TYPE = YES_ERROR;
				GCC_WARN_UNDECLARED_SELECTOR = YES;
				GCC_WARN_UNINITIALIZED_AUTOS = YES_AGGRESSIVE;
				GCC_WARN_UNUSED_FUNCTION = YES;
				GCC_WARN_UNUSED_VARIABLE = YES;
				IPHONEOS_DEPLOYMENT_TARGET = 13.6;
				MTL_ENABLE_DEBUG_INFO = INCLUDE_SOURCE;
				MTL_FAST_MATH = YES;
				ONLY_ACTIVE_ARCH = YES;
				SDKROOT = iphoneos;
				SWIFT_ACTIVE_COMPILATION_CONDITIONS = DEBUG;
				SWIFT_OPTIMIZATION_LEVEL = "-Onone";
			};
			name = Debug;
		};
		050B18CF24ED090400432E75 /* Release */ = {
			isa = XCBuildConfiguration;
			buildSettings = {
				ALWAYS_SEARCH_USER_PATHS = NO;
				CLANG_ANALYZER_NONNULL = YES;
				CLANG_ANALYZER_NUMBER_OBJECT_CONVERSION = YES_AGGRESSIVE;
				CLANG_CXX_LANGUAGE_STANDARD = "gnu++14";
				CLANG_CXX_LIBRARY = "libc++";
				CLANG_ENABLE_MODULES = YES;
				CLANG_ENABLE_OBJC_ARC = YES;
				CLANG_ENABLE_OBJC_WEAK = YES;
				CLANG_WARN_BLOCK_CAPTURE_AUTORELEASING = YES;
				CLANG_WARN_BOOL_CONVERSION = YES;
				CLANG_WARN_COMMA = YES;
				CLANG_WARN_CONSTANT_CONVERSION = YES;
				CLANG_WARN_DEPRECATED_OBJC_IMPLEMENTATIONS = YES;
				CLANG_WARN_DIRECT_OBJC_ISA_USAGE = YES_ERROR;
				CLANG_WARN_DOCUMENTATION_COMMENTS = YES;
				CLANG_WARN_EMPTY_BODY = YES;
				CLANG_WARN_ENUM_CONVERSION = YES;
				CLANG_WARN_INFINITE_RECURSION = YES;
				CLANG_WARN_INT_CONVERSION = YES;
				CLANG_WARN_NON_LITERAL_NULL_CONVERSION = YES;
				CLANG_WARN_OBJC_IMPLICIT_RETAIN_SELF = YES;
				CLANG_WARN_OBJC_LITERAL_CONVERSION = YES;
				CLANG_WARN_OBJC_ROOT_CLASS = YES_ERROR;
				CLANG_WARN_RANGE_LOOP_ANALYSIS = YES;
				CLANG_WARN_STRICT_PROTOTYPES = YES;
				CLANG_WARN_SUSPICIOUS_MOVE = YES;
				CLANG_WARN_UNGUARDED_AVAILABILITY = YES_AGGRESSIVE;
				CLANG_WARN_UNREACHABLE_CODE = YES;
				CLANG_WARN__DUPLICATE_METHOD_MATCH = YES;
				COPY_PHASE_STRIP = NO;
				DEBUG_INFORMATION_FORMAT = "dwarf-with-dsym";
				ENABLE_NS_ASSERTIONS = NO;
				ENABLE_STRICT_OBJC_MSGSEND = YES;
				GCC_C_LANGUAGE_STANDARD = gnu11;
				GCC_NO_COMMON_BLOCKS = YES;
				GCC_WARN_64_TO_32_BIT_CONVERSION = YES;
				GCC_WARN_ABOUT_RETURN_TYPE = YES_ERROR;
				GCC_WARN_UNDECLARED_SELECTOR = YES;
				GCC_WARN_UNINITIALIZED_AUTOS = YES_AGGRESSIVE;
				GCC_WARN_UNUSED_FUNCTION = YES;
				GCC_WARN_UNUSED_VARIABLE = YES;
				IPHONEOS_DEPLOYMENT_TARGET = 13.6;
				MTL_ENABLE_DEBUG_INFO = NO;
				MTL_FAST_MATH = YES;
				SDKROOT = iphoneos;
				SWIFT_COMPILATION_MODE = wholemodule;
				SWIFT_OPTIMIZATION_LEVEL = "-O";
				VALIDATE_PRODUCT = YES;
			};
			name = Release;
		};
		050B18D124ED090400432E75 /* Debug */ = {
			isa = XCBuildConfiguration;
			buildSettings = {
				ASSETCATALOG_COMPILER_APPICON_NAME = AppIcon;
				CODE_SIGN_STYLE = Automatic;
				DEVELOPMENT_TEAM = U944Y53H45;
				INFOPLIST_FILE = samdocapp/Info.plist;
				LD_RUNPATH_SEARCH_PATHS = (
					"$(inherited)",
					"@executable_path/Frameworks",
				);
				PRODUCT_BUNDLE_IDENTIFIER = BaptistePimont.samdocapp;
				PRODUCT_NAME = "$(TARGET_NAME)";
				SWIFT_VERSION = 5.0;
				TARGETED_DEVICE_FAMILY = "1,2";
			};
			name = Debug;
		};
		050B18D224ED090400432E75 /* Release */ = {
			isa = XCBuildConfiguration;
			buildSettings = {
				ASSETCATALOG_COMPILER_APPICON_NAME = AppIcon;
				CODE_SIGN_STYLE = Automatic;
				DEVELOPMENT_TEAM = U944Y53H45;
				INFOPLIST_FILE = samdocapp/Info.plist;
				LD_RUNPATH_SEARCH_PATHS = (
					"$(inherited)",
					"@executable_path/Frameworks",
				);
				PRODUCT_BUNDLE_IDENTIFIER = BaptistePimont.samdocapp;
				PRODUCT_NAME = "$(TARGET_NAME)";
				SWIFT_VERSION = 5.0;
				TARGETED_DEVICE_FAMILY = "1,2";
			};
			name = Release;
		};
/* End XCBuildConfiguration section */

/* Begin XCConfigurationList section */
		050B18B424ED090200432E75 /* Build configuration list for PBXProject "samdocapp" */ = {
			isa = XCConfigurationList;
			buildConfigurations = (
				050B18CE24ED090400432E75 /* Debug */,
				050B18CF24ED090400432E75 /* Release */,
			);
			defaultConfigurationIsVisible = 0;
			defaultConfigurationName = Release;
		};
		050B18D024ED090400432E75 /* Build configuration list for PBXNativeTarget "samdocapp" */ = {
			isa = XCConfigurationList;
			buildConfigurations = (
				050B18D124ED090400432E75 /* Debug */,
				050B18D224ED090400432E75 /* Release */,
			);
			defaultConfigurationIsVisible = 0;
			defaultConfigurationName = Release;
		};
/* End XCConfigurationList section */

/* Begin XCVersionGroup section */
		050B18C524ED090200432E75 /* samdocapp.xcdatamodeld */ = {
			isa = XCVersionGroup;
			children = (
				050B18C624ED090200432E75 /* samdocapp.xcdatamodel */,
			);
			currentVersion = 050B18C624ED090200432E75 /* samdocapp.xcdatamodel */;
			path = samdocapp.xcdatamodeld;
			sourceTree = "<group>";
			versionGroupType = wrapper.xcdatamodel;
		};
/* End XCVersionGroup section */
	};
	rootObject = 050B18B124ED090200432E75 /* Project object */;
}
